
Microsoft Visual Studio Solution File, Format Version 12.00
# Visual Studio 15
VisualStudioVersion = 15.0.26228.9
MinimumVisualStudioVersion = 10.0.40219.1
Project("{8BB2217D-0F2D-49D1-97BC-3654ED321F3B}") = "PancakeCircus", "PancakeCircus\PancakeCircus.xproj", "{74245086-CB67-476B-BB3C-83CE2E3256C9}"
EndProject
Global
	GlobalSection(SolutionConfigurationPlatforms) = preSolution
		Debug|Any CPU = Debug|Any CPU
		Release|Any CPU = Release|Any CPU
	EndGlobalSection
	GlobalSection(ProjectConfigurationPlatforms) = postSolution
		{74245086-CB67-476B-BB3C-83CE2E3256C9}.Debug|Any CPU.ActiveCfg = Debug|Any CPU
		{74245086-CB67-476B-BB3C-83CE2E3256C9}.Debug|Any CPU.Build.0 = Debug|Any CPU
		{74245086-CB67-476B-BB3C-83CE2E3256C9}.Release|Any CPU.ActiveCfg = Release|Any CPU
		{74245086-CB67-476B-BB3C-83CE2E3256C9}.Release|Any CPU.Build.0 = Release|Any CPU
	EndGlobalSection
	GlobalSection(SolutionProperties) = preSolution
		HideSolutionNode = FALSE
	EndGlobalSection
EndGlobal
